
Microsoft Visual Studio Solution File, Format Version 12.00
# Visual Studio Version 16
VisualStudioVersion = 16.0.30204.135
MinimumVisualStudioVersion = 10.0.40219.1
Project("{FAE04EC0-301F-11D3-BF4B-00C04F79EFBC}") = "SWGQL.API", "RMGQL.API\SWGQL.API.csproj", "{53A2C5FB-BC7D-4952-BFC8-904A79314B30}"
EndProject
Global
	GlobalSection(SolutionConfigurationPlatforms) = preSolution
		Debug|Any CPU = Debug|Any CPU
		Release|Any CPU = Release|Any CPU
	EndGlobalSection
	GlobalSection(ProjectConfigurationPlatforms) = postSolution
		{53A2C5FB-BC7D-4952-BFC8-904A79314B30}.Debug|Any CPU.ActiveCfg = Debug|Any CPU
		{53A2C5FB-BC7D-4952-BFC8-904A79314B30}.Debug|Any CPU.Build.0 = Debug|Any CPU
		{53A2C5FB-BC7D-4952-BFC8-904A79314B30}.Release|Any CPU.ActiveCfg = Release|Any CPU
		{53A2C5FB-BC7D-4952-BFC8-904A79314B30}.Release|Any CPU.Build.0 = Release|Any CPU
	EndGlobalSection
	GlobalSection(SolutionProperties) = preSolution
		HideSolutionNode = FALSE
	EndGlobalSection
	GlobalSection(ExtensibilityGlobals) = postSolution
		SolutionGuid = {8A003E82-DAE1-498B-ABD8-085D77F8F540}
	EndGlobalSection
EndGlobal
